
Microsoft Visual Studio Solution File, Format Version 12.00
# Visual Studio Version 17
VisualStudioVersion = 17.1.32421.90
MinimumVisualStudioVersion = 10.0.40219.1
Project("{FAE04EC0-301F-11D3-BF4B-00C04F79EFBC}") = "LAB6_20521086_TrangKyAnh", "LAB6_20521086_TrangKyAnh\LAB6_20521086_TrangKyAnh.csproj", "{3C6023C4-2335-482B-90EC-C74AED5593BB}"
EndProject
Global
	GlobalSection(SolutionConfigurationPlatforms) = preSolution
		Debug|Any CPU = Debug|Any CPU
		Release|Any CPU = Release|Any CPU
	EndGlobalSection
	GlobalSection(ProjectConfigurationPlatforms) = postSolution
		{3C6023C4-2335-482B-90EC-C74AED5593BB}.Debug|Any CPU.ActiveCfg = Debug|Any CPU
		{3C6023C4-2335-482B-90EC-C74AED5593BB}.Debug|Any CPU.Build.0 = Debug|Any CPU
		{3C6023C4-2335-482B-90EC-C74AED5593BB}.Release|Any CPU.ActiveCfg = Release|Any CPU
		{3C6023C4-2335-482B-90EC-C74AED5593BB}.Release|Any CPU.Build.0 = Release|Any CPU
	EndGlobalSection
	GlobalSection(SolutionProperties) = preSolution
		HideSolutionNode = FALSE
	EndGlobalSection
	GlobalSection(ExtensibilityGlobals) = postSolution
		SolutionGuid = {B12303AF-4B92-4218-8D98-8E51E8317CAF}
	EndGlobalSection
EndGlobal
