
Microsoft Visual Studio Solution File, Format Version 12.00
# Visual Studio Version 17
VisualStudioVersion = 17.1.32210.238
MinimumVisualStudioVersion = 10.0.40219.1
Project("{FAE04EC0-301F-11D3-BF4B-00C04F79EFBC}") = "LAB1_205210586_TrangKyAnh", "LAB1_205210586_TrangKyAnh\LAB1_205210586_TrangKyAnh.csproj", "{532B16C4-2E73-4D46-B4A2-291AE959D8F2}"
EndProject
Global
	GlobalSection(SolutionConfigurationPlatforms) = preSolution
		Debug|Any CPU = Debug|Any CPU
		Release|Any CPU = Release|Any CPU
	EndGlobalSection
	GlobalSection(ProjectConfigurationPlatforms) = postSolution
		{532B16C4-2E73-4D46-B4A2-291AE959D8F2}.Debug|Any CPU.ActiveCfg = Debug|Any CPU
		{532B16C4-2E73-4D46-B4A2-291AE959D8F2}.Debug|Any CPU.Build.0 = Debug|Any CPU
		{532B16C4-2E73-4D46-B4A2-291AE959D8F2}.Release|Any CPU.ActiveCfg = Release|Any CPU
		{532B16C4-2E73-4D46-B4A2-291AE959D8F2}.Release|Any CPU.Build.0 = Release|Any CPU
	EndGlobalSection
	GlobalSection(SolutionProperties) = preSolution
		HideSolutionNode = FALSE
	EndGlobalSection
	GlobalSection(ExtensibilityGlobals) = postSolution
		SolutionGuid = {720B9917-7496-49B4-8D39-2FAA63B37D0C}
	EndGlobalSection
EndGlobal
